
Microsoft Visual Studio Solution File, Format Version 12.00
# Visual Studio 15
VisualStudioVersion = 15.0.26430.13
MinimumVisualStudioVersion = 10.0.40219.1
Project("{FAE04EC0-301F-11D3-BF4B-00C04F79EFBC}") = "Organyze.Android", "Organyze\Organyze.Android\Organyze.Android.csproj", "{52BC4F56-1737-469B-9930-FE09687D0C4A}"
EndProject
Project("{FAE04EC0-301F-11D3-BF4B-00C04F79EFBC}") = "Organyze", "Organyze\Organyze\Organyze.csproj", "{036C870F-F18B-439B-AB92-24E06B9E741E}"
EndProject
Project("{FAE04EC0-301F-11D3-BF4B-00C04F79EFBC}") = "Organyze.UWP", "Organyze\Organyze.UWP\Organyze.UWP.csproj", "{F7F0DCA7-6C1C-4E8B-A327-8103F9EA9ABC}"
EndProject
Project("{FAE04EC0-301F-11D3-BF4B-00C04F79EFBC}") = "Organyze.iOS", "Organyze\Organyze.iOS\Organyze.iOS.csproj", "{249A7F85-6E77-44EA-9FD5-057568EEB805}"
EndProject
Global
	GlobalSection(SolutionConfigurationPlatforms) = preSolution
		Ad-Hoc|Any CPU = Ad-Hoc|Any CPU
		Ad-Hoc|ARM = Ad-Hoc|ARM
		Ad-Hoc|iPhone = Ad-Hoc|iPhone
		Ad-Hoc|iPhoneSimulator = Ad-Hoc|iPhoneSimulator
		Ad-Hoc|x64 = Ad-Hoc|x64
		Ad-Hoc|x86 = Ad-Hoc|x86
		AppStore|Any CPU = AppStore|Any CPU
		AppStore|ARM = AppStore|ARM
		AppStore|iPhone = AppStore|iPhone
		AppStore|iPhoneSimulator = AppStore|iPhoneSimulator
		AppStore|x64 = AppStore|x64
		AppStore|x86 = AppStore|x86
		Debug|Any CPU = Debug|Any CPU
		Debug|ARM = Debug|ARM
		Debug|iPhone = Debug|iPhone
		Debug|iPhoneSimulator = Debug|iPhoneSimulator
		Debug|x64 = Debug|x64
		Debug|x86 = Debug|x86
		Release|Any CPU = Release|Any CPU
		Release|ARM = Release|ARM
		Release|iPhone = Release|iPhone
		Release|iPhoneSimulator = Release|iPhoneSimulator
		Release|x64 = Release|x64
		Release|x86 = Release|x86
	EndGlobalSection
	GlobalSection(ProjectConfigurationPlatforms) = postSolution
		{52BC4F56-1737-469B-9930-FE09687D0C4A}.Ad-Hoc|Any CPU.ActiveCfg = Release|Any CPU
		{52BC4F56-1737-469B-9930-FE09687D0C4A}.Ad-Hoc|Any CPU.Build.0 = Release|Any CPU
		{52BC4F56-1737-469B-9930-FE09687D0C4A}.Ad-Hoc|Any CPU.Deploy.0 = Release|Any CPU
		{52BC4F56-1737-469B-9930-FE09687D0C4A}.Ad-Hoc|ARM.ActiveCfg = Release|Any CPU
		{52BC4F56-1737-469B-9930-FE09687D0C4A}.Ad-Hoc|ARM.Build.0 = Release|Any CPU
		{52BC4F56-1737-469B-9930-FE09687D0C4A}.Ad-Hoc|ARM.Deploy.0 = Release|Any CPU
		{52BC4F56-1737-469B-9930-FE09687D0C4A}.Ad-Hoc|iPhone.ActiveCfg = Release|Any CPU
		{52BC4F56-1737-469B-9930-FE09687D0C4A}.Ad-Hoc|iPhone.Build.0 = Release|Any CPU
		{52BC4F56-1737-469B-9930-FE09687D0C4A}.Ad-Hoc|iPhone.Deploy.0 = Release|Any CPU
		{52BC4F56-1737-469B-9930-FE09687D0C4A}.Ad-Hoc|iPhoneSimulator.ActiveCfg = Release|Any CPU
		{52BC4F56-1737-469B-9930-FE09687D0C4A}.Ad-Hoc|iPhoneSimulator.Build.0 = Release|Any CPU
		{52BC4F56-1737-469B-9930-FE09687D0C4A}.Ad-Hoc|iPhoneSimulator.Deploy.0 = Release|Any CPU
		{52BC4F56-1737-469B-9930-FE09687D0C4A}.Ad-Hoc|x64.ActiveCfg = Release|Any CPU
		{52BC4F56-1737-469B-9930-FE09687D0C4A}.Ad-Hoc|x64.Build.0 = Release|Any CPU
		{52BC4F56-1737-469B-9930-FE09687D0C4A}.Ad-Hoc|x64.Deploy.0 = Release|Any CPU
		{52BC4F56-1737-469B-9930-FE09687D0C4A}.Ad-Hoc|x86.ActiveCfg = Release|Any CPU
		{52BC4F56-1737-469B-9930-FE09687D0C4A}.Ad-Hoc|x86.Build.0 = Release|Any CPU
		{52BC4F56-1737-469B-9930-FE09687D0C4A}.Ad-Hoc|x86.Deploy.0 = Release|Any CPU
		{52BC4F56-1737-469B-9930-FE09687D0C4A}.AppStore|Any CPU.ActiveCfg = Release|Any CPU
		{52BC4F56-1737-469B-9930-FE09687D0C4A}.AppStore|Any CPU.Build.0 = Release|Any CPU
		{52BC4F56-1737-469B-9930-FE09687D0C4A}.AppStore|Any CPU.Deploy.0 = Release|Any CPU
		{52BC4F56-1737-469B-9930-FE09687D0C4A}.AppStore|ARM.ActiveCfg = Release|Any CPU
		{52BC4F56-1737-469B-9930-FE09687D0C4A}.AppStore|ARM.Build.0 = Release|Any CPU
		{52BC4F56-1737-469B-9930-FE09687D0C4A}.AppStore|ARM.Deploy.0 = Release|Any CPU
		{52BC4F56-1737-469B-9930-FE09687D0C4A}.AppStore|iPhone.ActiveCfg = Release|Any CPU
		{52BC4F56-1737-469B-9930-FE09687D0C4A}.AppStore|iPhone.Build.0 = Release|Any CPU
		{52BC4F56-1737-469B-9930-FE09687D0C4A}.AppStore|iPhone.Deploy.0 = Release|Any CPU
		{52BC4F56-1737-469B-9930-FE09687D0C4A}.AppStore|iPhoneSimulator.ActiveCfg = Release|Any CPU
		{52BC4F56-1737-469B-9930-FE09687D0C4A}.AppStore|iPhoneSimulator.Build.0 = Release|Any CPU
		{52BC4F56-1737-469B-9930-FE09687D0C4A}.AppStore|iPhoneSimulator.Deploy.0 = Release|Any CPU
		{52BC4F56-1737-469B-9930-FE09687D0C4A}.AppStore|x64.ActiveCfg = Release|Any CPU
		{52BC4F56-1737-469B-9930-FE09687D0C4A}.AppStore|x64.Build.0 = Release|Any CPU
		{52BC4F56-1737-469B-9930-FE09687D0C4A}.AppStore|x64.Deploy.0 = Release|Any CPU
		{52BC4F56-1737-469B-9930-FE09687D0C4A}.AppStore|x86.ActiveCfg = Release|Any CPU
		{52BC4F56-1737-469B-9930-FE09687D0C4A}.AppStore|x86.Build.0 = Release|Any CPU
		{52BC4F56-1737-469B-9930-FE09687D0C4A}.AppStore|x86.Deploy.0 = Release|Any CPU
		{52BC4F56-1737-469B-9930-FE09687D0C4A}.Debug|Any CPU.ActiveCfg = Debug|Any CPU
		{52BC4F56-1737-469B-9930-FE09687D0C4A}.Debug|Any CPU.Build.0 = Debug|Any CPU
		{52BC4F56-1737-469B-9930-FE09687D0C4A}.Debug|Any CPU.Deploy.0 = Debug|Any CPU
		{52BC4F56-1737-469B-9930-FE09687D0C4A}.Debug|ARM.ActiveCfg = Debug|Any CPU
		{52BC4F56-1737-469B-9930-FE09687D0C4A}.Debug|ARM.Build.0 = Debug|Any CPU
		{52BC4F56-1737-469B-9930-FE09687D0C4A}.Debug|ARM.Deploy.0 = Debug|Any CPU
		{52BC4F56-1737-469B-9930-FE09687D0C4A}.Debug|iPhone.ActiveCfg = Debug|Any CPU
		{52BC4F56-1737-469B-9930-FE09687D0C4A}.Debug|iPhone.Build.0 = Debug|Any CPU
		{52BC4F56-1737-469B-9930-FE09687D0C4A}.Debug|iPhone.Deploy.0 = Debug|Any CPU
		{52BC4F56-1737-469B-9930-FE09687D0C4A}.Debug|iPhoneSimulator.ActiveCfg = Debug|Any CPU
		{52BC4F56-1737-469B-9930-FE09687D0C4A}.Debug|iPhoneSimulator.Build.0 = Debug|Any CPU
		{52BC4F56-1737-469B-9930-FE09687D0C4A}.Debug|iPhoneSimulator.Deploy.0 = Debug|Any CPU
		{52BC4F56-1737-469B-9930-FE09687D0C4A}.Debug|x64.ActiveCfg = Debug|Any CPU
		{52BC4F56-1737-469B-9930-FE09687D0C4A}.Debug|x64.Build.0 = Debug|Any CPU
		{52BC4F56-1737-469B-9930-FE09687D0C4A}.Debug|x64.Deploy.0 = Debug|Any CPU
		{52BC4F56-1737-469B-9930-FE09687D0C4A}.Debug|x86.ActiveCfg = Debug|Any CPU
		{52BC4F56-1737-469B-9930-FE09687D0C4A}.Debug|x86.Build.0 = Debug|Any CPU
		{52BC4F56-1737-469B-9930-FE09687D0C4A}.Debug|x86.Deploy.0 = Debug|Any CPU
		{52BC4F56-1737-469B-9930-FE09687D0C4A}.Release|Any CPU.ActiveCfg = Release|Any CPU
		{52BC4F56-1737-469B-9930-FE09687D0C4A}.Release|Any CPU.Build.0 = Release|Any CPU
		{52BC4F56-1737-469B-9930-FE09687D0C4A}.Release|Any CPU.Deploy.0 = Release|Any CPU
		{52BC4F56-1737-469B-9930-FE09687D0C4A}.Release|ARM.ActiveCfg = Release|Any CPU
		{52BC4F56-1737-469B-9930-FE09687D0C4A}.Release|ARM.Build.0 = Release|Any CPU
		{52BC4F56-1737-469B-9930-FE09687D0C4A}.Release|ARM.Deploy.0 = Release|Any CPU
		{52BC4F56-1737-469B-9930-FE09687D0C4A}.Release|iPhone.ActiveCfg = Release|Any CPU
		{52BC4F56-1737-469B-9930-FE09687D0C4A}.Release|iPhone.Build.0 = Release|Any CPU
		{52BC4F56-1737-469B-9930-FE09687D0C4A}.Release|iPhone.Deploy.0 = Release|Any CPU
		{52BC4F56-1737-469B-9930-FE09687D0C4A}.Release|iPhoneSimulator.ActiveCfg = Release|Any CPU
		{52BC4F56-1737-469B-9930-FE09687D0C4A}.Release|iPhoneSimulator.Build.0 = Release|Any CPU
		{52BC4F56-1737-469B-9930-FE09687D0C4A}.Release|iPhoneSimulator.Deploy.0 = Release|Any CPU
		{52BC4F56-1737-469B-9930-FE09687D0C4A}.Release|x64.ActiveCfg = Release|Any CPU
		{52BC4F56-1737-469B-9930-FE09687D0C4A}.Release|x64.Build.0 = Release|Any CPU
		{52BC4F56-1737-469B-9930-FE09687D0C4A}.Release|x64.Deploy.0 = Release|Any CPU
		{52BC4F56-1737-469B-9930-FE09687D0C4A}.Release|x86.ActiveCfg = Release|Any CPU
		{52BC4F56-1737-469B-9930-FE09687D0C4A}.Release|x86.Build.0 = Release|Any CPU
		{52BC4F56-1737-469B-9930-FE09687D0C4A}.Release|x86.Deploy.0 = Release|Any CPU
		{036C870F-F18B-439B-AB92-24E06B9E741E}.Ad-Hoc|Any CPU.ActiveCfg = Release|Any CPU
		{036C870F-F18B-439B-AB92-24E06B9E741E}.Ad-Hoc|Any CPU.Build.0 = Release|Any CPU
		{036C870F-F18B-439B-AB92-24E06B9E741E}.Ad-Hoc|ARM.ActiveCfg = Release|Any CPU
		{036C870F-F18B-439B-AB92-24E06B9E741E}.Ad-Hoc|ARM.Build.0 = Release|Any CPU
		{036C870F-F18B-439B-AB92-24E06B9E741E}.Ad-Hoc|iPhone.ActiveCfg = Release|Any CPU
		{036C870F-F18B-439B-AB92-24E06B9E741E}.Ad-Hoc|iPhone.Build.0 = Release|Any CPU
		{036C870F-F18B-439B-AB92-24E06B9E741E}.Ad-Hoc|iPhoneSimulator.ActiveCfg = Release|Any CPU
		{036C870F-F18B-439B-AB92-24E06B9E741E}.Ad-Hoc|iPhoneSimulator.Build.0 = Release|Any CPU
		{036C870F-F18B-439B-AB92-24E06B9E741E}.Ad-Hoc|x64.ActiveCfg = Release|Any CPU
		{036C870F-F18B-439B-AB92-24E06B9E741E}.Ad-Hoc|x64.Build.0 = Release|Any CPU
		{036C870F-F18B-439B-AB92-24E06B9E741E}.Ad-Hoc|x86.ActiveCfg = Release|Any CPU
		{036C870F-F18B-439B-AB92-24E06B9E741E}.Ad-Hoc|x86.Build.0 = Release|Any CPU
		{036C870F-F18B-439B-AB92-24E06B9E741E}.AppStore|Any CPU.ActiveCfg = Release|Any CPU
		{036C870F-F18B-439B-AB92-24E06B9E741E}.AppStore|Any CPU.Build.0 = Release|Any CPU
		{036C870F-F18B-439B-AB92-24E06B9E741E}.AppStore|ARM.ActiveCfg = Release|Any CPU
		{036C870F-F18B-439B-AB92-24E06B9E741E}.AppStore|ARM.Build.0 = Release|Any CPU
		{036C870F-F18B-439B-AB92-24E06B9E741E}.AppStore|iPhone.ActiveCfg = Release|Any CPU
		{036C870F-F18B-439B-AB92-24E06B9E741E}.AppStore|iPhone.Build.0 = Release|Any CPU
		{036C870F-F18B-439B-AB92-24E06B9E741E}.AppStore|iPhoneSimulator.ActiveCfg = Release|Any CPU
		{036C870F-F18B-439B-AB92-24E06B9E741E}.AppStore|iPhoneSimulator.Build.0 = Release|Any CPU
		{036C870F-F18B-439B-AB92-24E06B9E741E}.AppStore|x64.ActiveCfg = Release|Any CPU
		{036C870F-F18B-439B-AB92-24E06B9E741E}.AppStore|x64.Build.0 = Release|Any CPU
		{036C870F-F18B-439B-AB92-24E06B9E741E}.AppStore|x86.ActiveCfg = Release|Any CPU
		{036C870F-F18B-439B-AB92-24E06B9E741E}.AppStore|x86.Build.0 = Release|Any CPU
		{036C870F-F18B-439B-AB92-24E06B9E741E}.Debug|Any CPU.ActiveCfg = Debug|Any CPU
		{036C870F-F18B-439B-AB92-24E06B9E741E}.Debug|Any CPU.Build.0 = Debug|Any CPU
		{036C870F-F18B-439B-AB92-24E06B9E741E}.Debug|ARM.ActiveCfg = Debug|Any CPU
		{036C870F-F18B-439B-AB92-24E06B9E741E}.Debug|ARM.Build.0 = Debug|Any CPU
		{036C870F-F18B-439B-AB92-24E06B9E741E}.Debug|iPhone.ActiveCfg = Debug|Any CPU
		{036C870F-F18B-439B-AB92-24E06B9E741E}.Debug|iPhone.Build.0 = Debug|Any CPU
		{036C870F-F18B-439B-AB92-24E06B9E741E}.Debug|iPhoneSimulator.ActiveCfg = Debug|Any CPU
		{036C870F-F18B-439B-AB92-24E06B9E741E}.Debug|iPhoneSimulator.Build.0 = Debug|Any CPU
		{036C870F-F18B-439B-AB92-24E06B9E741E}.Debug|x64.ActiveCfg = Debug|Any CPU
		{036C870F-F18B-439B-AB92-24E06B9E741E}.Debug|x64.Build.0 = Debug|Any CPU
		{036C870F-F18B-439B-AB92-24E06B9E741E}.Debug|x86.ActiveCfg = Debug|Any CPU
		{036C870F-F18B-439B-AB92-24E06B9E741E}.Debug|x86.Build.0 = Debug|Any CPU
		{036C870F-F18B-439B-AB92-24E06B9E741E}.Release|Any CPU.ActiveCfg = Release|Any CPU
		{036C870F-F18B-439B-AB92-24E06B9E741E}.Release|Any CPU.Build.0 = Release|Any CPU
		{036C870F-F18B-439B-AB92-24E06B9E741E}.Release|ARM.ActiveCfg = Release|Any CPU
		{036C870F-F18B-439B-AB92-24E06B9E741E}.Release|ARM.Build.0 = Release|Any CPU
		{036C870F-F18B-439B-AB92-24E06B9E741E}.Release|iPhone.ActiveCfg = Release|Any CPU
		{036C870F-F18B-439B-AB92-24E06B9E741E}.Release|iPhone.Build.0 = Release|Any CPU
		{036C870F-F18B-439B-AB92-24E06B9E741E}.Release|iPhoneSimulator.ActiveCfg = Release|Any CPU
		{036C870F-F18B-439B-AB92-24E06B9E741E}.Release|iPhoneSimulator.Build.0 = Release|Any CPU
		{036C870F-F18B-439B-AB92-24E06B9E741E}.Release|x64.ActiveCfg = Release|Any CPU
		{036C870F-F18B-439B-AB92-24E06B9E741E}.Release|x64.Build.0 = Release|Any CPU
		{036C870F-F18B-439B-AB92-24E06B9E741E}.Release|x86.ActiveCfg = Release|Any CPU
		{036C870F-F18B-439B-AB92-24E06B9E741E}.Release|x86.Build.0 = Release|Any CPU
		{F7F0DCA7-6C1C-4E8B-A327-8103F9EA9ABC}.Ad-Hoc|Any CPU.ActiveCfg = Release|x86
		{F7F0DCA7-6C1C-4E8B-A327-8103F9EA9ABC}.Ad-Hoc|Any CPU.Build.0 = Release|x86
		{F7F0DCA7-6C1C-4E8B-A327-8103F9EA9ABC}.Ad-Hoc|Any CPU.Deploy.0 = Release|x86
		{F7F0DCA7-6C1C-4E8B-A327-8103F9EA9ABC}.Ad-Hoc|ARM.ActiveCfg = Release|ARM
		{F7F0DCA7-6C1C-4E8B-A327-8103F9EA9ABC}.Ad-Hoc|ARM.Build.0 = Release|ARM
		{F7F0DCA7-6C1C-4E8B-A327-8103F9EA9ABC}.Ad-Hoc|ARM.Deploy.0 = Release|ARM
		{F7F0DCA7-6C1C-4E8B-A327-8103F9EA9ABC}.Ad-Hoc|iPhone.ActiveCfg = Release|x86
		{F7F0DCA7-6C1C-4E8B-A327-8103F9EA9ABC}.Ad-Hoc|iPhone.Build.0 = Release|x86
		{F7F0DCA7-6C1C-4E8B-A327-8103F9EA9ABC}.Ad-Hoc|iPhone.Deploy.0 = Release|x86
		{F7F0DCA7-6C1C-4E8B-A327-8103F9EA9ABC}.Ad-Hoc|iPhoneSimulator.ActiveCfg = Release|x86
		{F7F0DCA7-6C1C-4E8B-A327-8103F9EA9ABC}.Ad-Hoc|iPhoneSimulator.Build.0 = Release|x86
		{F7F0DCA7-6C1C-4E8B-A327-8103F9EA9ABC}.Ad-Hoc|iPhoneSimulator.Deploy.0 = Release|x86
		{F7F0DCA7-6C1C-4E8B-A327-8103F9EA9ABC}.Ad-Hoc|x64.ActiveCfg = Release|x64
		{F7F0DCA7-6C1C-4E8B-A327-8103F9EA9ABC}.Ad-Hoc|x64.Build.0 = Release|x64
		{F7F0DCA7-6C1C-4E8B-A327-8103F9EA9ABC}.Ad-Hoc|x64.Deploy.0 = Release|x64
		{F7F0DCA7-6C1C-4E8B-A327-8103F9EA9ABC}.Ad-Hoc|x86.ActiveCfg = Release|x86
		{F7F0DCA7-6C1C-4E8B-A327-8103F9EA9ABC}.Ad-Hoc|x86.Build.0 = Release|x86
		{F7F0DCA7-6C1C-4E8B-A327-8103F9EA9ABC}.Ad-Hoc|x86.Deploy.0 = Release|x86
		{F7F0DCA7-6C1C-4E8B-A327-8103F9EA9ABC}.AppStore|Any CPU.ActiveCfg = Release|x86
		{F7F0DCA7-6C1C-4E8B-A327-8103F9EA9ABC}.AppStore|Any CPU.Build.0 = Release|x86
		{F7F0DCA7-6C1C-4E8B-A327-8103F9EA9ABC}.AppStore|Any CPU.Deploy.0 = Release|x86
		{F7F0DCA7-6C1C-4E8B-A327-8103F9EA9ABC}.AppStore|ARM.ActiveCfg = Release|ARM
		{F7F0DCA7-6C1C-4E8B-A327-8103F9EA9ABC}.AppStore|ARM.Build.0 = Release|ARM
		{F7F0DCA7-6C1C-4E8B-A327-8103F9EA9ABC}.AppStore|ARM.Deploy.0 = Release|ARM
		{F7F0DCA7-6C1C-4E8B-A327-8103F9EA9ABC}.AppStore|iPhone.ActiveCfg = Release|x86
		{F7F0DCA7-6C1C-4E8B-A327-8103F9EA9ABC}.AppStore|iPhone.Build.0 = Release|x86
		{F7F0DCA7-6C1C-4E8B-A327-8103F9EA9ABC}.AppStore|iPhone.Deploy.0 = Release|x86
		{F7F0DCA7-6C1C-4E8B-A327-8103F9EA9ABC}.AppStore|iPhoneSimulator.ActiveCfg = Release|x86
		{F7F0DCA7-6C1C-4E8B-A327-8103F9EA9ABC}.AppStore|iPhoneSimulator.Build.0 = Release|x86
		{F7F0DCA7-6C1C-4E8B-A327-8103F9EA9ABC}.AppStore|iPhoneSimulator.Deploy.0 = Release|x86
		{F7F0DCA7-6C1C-4E8B-A327-8103F9EA9ABC}.AppStore|x64.ActiveCfg = Release|x64
		{F7F0DCA7-6C1C-4E8B-A327-8103F9EA9ABC}.AppStore|x64.Build.0 = Release|x64
		{F7F0DCA7-6C1C-4E8B-A327-8103F9EA9ABC}.AppStore|x64.Deploy.0 = Release|x64
		{F7F0DCA7-6C1C-4E8B-A327-8103F9EA9ABC}.AppStore|x86.ActiveCfg = Release|x86
		{F7F0DCA7-6C1C-4E8B-A327-8103F9EA9ABC}.AppStore|x86.Build.0 = Release|x86
		{F7F0DCA7-6C1C-4E8B-A327-8103F9EA9ABC}.AppStore|x86.Deploy.0 = Release|x86
		{F7F0DCA7-6C1C-4E8B-A327-8103F9EA9ABC}.Debug|Any CPU.ActiveCfg = Debug|x86
		{F7F0DCA7-6C1C-4E8B-A327-8103F9EA9ABC}.Debug|ARM.ActiveCfg = Debug|ARM
		{F7F0DCA7-6C1C-4E8B-A327-8103F9EA9ABC}.Debug|ARM.Build.0 = Debug|ARM
		{F7F0DCA7-6C1C-4E8B-A327-8103F9EA9ABC}.Debug|ARM.Deploy.0 = Debug|ARM
		{F7F0DCA7-6C1C-4E8B-A327-8103F9EA9ABC}.Debug|iPhone.ActiveCfg = Debug|x86
		{F7F0DCA7-6C1C-4E8B-A327-8103F9EA9ABC}.Debug|iPhoneSimulator.ActiveCfg = Debug|x86
		{F7F0DCA7-6C1C-4E8B-A327-8103F9EA9ABC}.Debug|x64.ActiveCfg = Debug|x64
		{F7F0DCA7-6C1C-4E8B-A327-8103F9EA9ABC}.Debug|x64.Build.0 = Debug|x64
		{F7F0DCA7-6C1C-4E8B-A327-8103F9EA9ABC}.Debug|x64.Deploy.0 = Debug|x64
		{F7F0DCA7-6C1C-4E8B-A327-8103F9EA9ABC}.Debug|x86.ActiveCfg = Debug|x86
		{F7F0DCA7-6C1C-4E8B-A327-8103F9EA9ABC}.Debug|x86.Build.0 = Debug|x86
		{F7F0DCA7-6C1C-4E8B-A327-8103F9EA9ABC}.Debug|x86.Deploy.0 = Debug|x86
		{F7F0DCA7-6C1C-4E8B-A327-8103F9EA9ABC}.Release|Any CPU.ActiveCfg = Release|x86
		{F7F0DCA7-6C1C-4E8B-A327-8103F9EA9ABC}.Release|ARM.ActiveCfg = Release|ARM
		{F7F0DCA7-6C1C-4E8B-A327-8103F9EA9ABC}.Release|ARM.Build.0 = Release|ARM
		{F7F0DCA7-6C1C-4E8B-A327-8103F9EA9ABC}.Release|ARM.Deploy.0 = Release|ARM
		{F7F0DCA7-6C1C-4E8B-A327-8103F9EA9ABC}.Release|iPhone.ActiveCfg = Release|x86
		{F7F0DCA7-6C1C-4E8B-A327-8103F9EA9ABC}.Release|iPhoneSimulator.ActiveCfg = Release|x86
		{F7F0DCA7-6C1C-4E8B-A327-8103F9EA9ABC}.Release|x64.ActiveCfg = Release|x64
		{F7F0DCA7-6C1C-4E8B-A327-8103F9EA9ABC}.Release|x64.Build.0 = Release|x64
		{F7F0DCA7-6C1C-4E8B-A327-8103F9EA9ABC}.Release|x64.Deploy.0 = Release|x64
		{F7F0DCA7-6C1C-4E8B-A327-8103F9EA9ABC}.Release|x86.ActiveCfg = Release|x86
		{F7F0DCA7-6C1C-4E8B-A327-8103F9EA9ABC}.Release|x86.Build.0 = Release|x86
		{F7F0DCA7-6C1C-4E8B-A327-8103F9EA9ABC}.Release|x86.Deploy.0 = Release|x86
		{249A7F85-6E77-44EA-9FD5-057568EEB805}.Ad-Hoc|Any CPU.ActiveCfg = Ad-Hoc|iPhone
		{249A7F85-6E77-44EA-9FD5-057568EEB805}.Ad-Hoc|ARM.ActiveCfg = Ad-Hoc|iPhone
		{249A7F85-6E77-44EA-9FD5-057568EEB805}.Ad-Hoc|iPhone.ActiveCfg = Ad-Hoc|iPhone
		{249A7F85-6E77-44EA-9FD5-057568EEB805}.Ad-Hoc|iPhone.Build.0 = Ad-Hoc|iPhone
		{249A7F85-6E77-44EA-9FD5-057568EEB805}.Ad-Hoc|iPhoneSimulator.ActiveCfg = Ad-Hoc|iPhoneSimulator
		{249A7F85-6E77-44EA-9FD5-057568EEB805}.Ad-Hoc|iPhoneSimulator.Build.0 = Ad-Hoc|iPhoneSimulator
		{249A7F85-6E77-44EA-9FD5-057568EEB805}.Ad-Hoc|x64.ActiveCfg = Ad-Hoc|iPhone
		{249A7F85-6E77-44EA-9FD5-057568EEB805}.Ad-Hoc|x86.ActiveCfg = Ad-Hoc|iPhone
		{249A7F85-6E77-44EA-9FD5-057568EEB805}.AppStore|Any CPU.ActiveCfg = AppStore|iPhone
		{249A7F85-6E77-44EA-9FD5-057568EEB805}.AppStore|ARM.ActiveCfg = AppStore|iPhone
		{249A7F85-6E77-44EA-9FD5-057568EEB805}.AppStore|iPhone.ActiveCfg = AppStore|iPhone
		{249A7F85-6E77-44EA-9FD5-057568EEB805}.AppStore|iPhone.Build.0 = AppStore|iPhone
		{249A7F85-6E77-44EA-9FD5-057568EEB805}.AppStore|iPhoneSimulator.ActiveCfg = AppStore|iPhoneSimulator
		{249A7F85-6E77-44EA-9FD5-057568EEB805}.AppStore|iPhoneSimulator.Build.0 = AppStore|iPhoneSimulator
		{249A7F85-6E77-44EA-9FD5-057568EEB805}.AppStore|x64.ActiveCfg = AppStore|iPhone
		{249A7F85-6E77-44EA-9FD5-057568EEB805}.AppStore|x86.ActiveCfg = AppStore|iPhone
		{249A7F85-6E77-44EA-9FD5-057568EEB805}.Debug|Any CPU.ActiveCfg = Debug|iPhone
		{249A7F85-6E77-44EA-9FD5-057568EEB805}.Debug|ARM.ActiveCfg = Debug|iPhone
		{249A7F85-6E77-44EA-9FD5-057568EEB805}.Debug|iPhone.ActiveCfg = Debug|iPhone
		{249A7F85-6E77-44EA-9FD5-057568EEB805}.Debug|iPhone.Build.0 = Debug|iPhone
		{249A7F85-6E77-44EA-9FD5-057568EEB805}.Debug|iPhoneSimulator.ActiveCfg = Debug|iPhoneSimulator
		{249A7F85-6E77-44EA-9FD5-057568EEB805}.Debug|iPhoneSimulator.Build.0 = Debug|iPhoneSimulator
		{249A7F85-6E77-44EA-9FD5-057568EEB805}.Debug|x64.ActiveCfg = Debug|iPhone
		{249A7F85-6E77-44EA-9FD5-057568EEB805}.Debug|x86.ActiveCfg = Debug|iPhone
		{249A7F85-6E77-44EA-9FD5-057568EEB805}.Release|Any CPU.ActiveCfg = Release|iPhone
		{249A7F85-6E77-44EA-9FD5-057568EEB805}.Release|ARM.ActiveCfg = Release|iPhone
		{249A7F85-6E77-44EA-9FD5-057568EEB805}.Release|iPhone.ActiveCfg = Release|iPhone
		{249A7F85-6E77-44EA-9FD5-057568EEB805}.Release|iPhone.Build.0 = Release|iPhone
		{249A7F85-6E77-44EA-9FD5-057568EEB805}.Release|iPhoneSimulator.ActiveCfg = Release|iPhoneSimulator
		{249A7F85-6E77-44EA-9FD5-057568EEB805}.Release|iPhoneSimulator.Build.0 = Release|iPhoneSimulator
		{249A7F85-6E77-44EA-9FD5-057568EEB805}.Release|x64.ActiveCfg = Release|iPhone
		{249A7F85-6E77-44EA-9FD5-057568EEB805}.Release|x86.ActiveCfg = Release|iPhone
	EndGlobalSection
	GlobalSection(SolutionProperties) = preSolution
		HideSolutionNode = FALSE
	EndGlobalSection
EndGlobal
